
Microsoft Visual Studio Solution File, Format Version 12.00
# Visual Studio 15
Project("{FAE04EC0-301F-11D3-BF4B-00C04F79EFBC}") = "Unity.RenderPipelines.GPUDriven.Runtime", "Unity.RenderPipelines.GPUDriven.Runtime.csproj", "{67701C81-FCB8-A72B-5989-D3566CFD09BF}"
EndProject
Project("{FAE04EC0-301F-11D3-BF4B-00C04F79EFBC}") = "Unity.ShaderGraph.Editor", "Unity.ShaderGraph.Editor.csproj", "{CC72FCD8-B0BE-1B16-3601-CE5F9FAEC7D5}"
EndProject
Project("{FAE04EC0-301F-11D3-BF4B-00C04F79EFBC}") = "Unity.RenderPipelines.Core.Runtime", "Unity.RenderPipelines.Core.Runtime.csproj", "{B6D254A6-0E3D-5E1D-DB54-A1B53DADD0F0}"
EndProject
Project("{FAE04EC0-301F-11D3-BF4B-00C04F79EFBC}") = "Unity.Multiplayer.Center.Editor", "Unity.Multiplayer.Center.Editor.csproj", "{3DC1DA5A-7A1E-7758-8AB0-16C04DC7EF6C}"
EndProject
Project("{FAE04EC0-301F-11D3-BF4B-00C04F79EFBC}") = "Unity.RenderPipelines.Core.Editor", "Unity.RenderPipelines.Core.Editor.csproj", "{811F54A8-88EA-D83A-6A92-5496D3485D2C}"
EndProject
Project("{FAE04EC0-301F-11D3-BF4B-00C04F79EFBC}") = "UnityEngine.UI", "UnityEngine.UI.csproj", "{B56D7A93-3A3F-9B9F-65B6-8187CE67EB46}"
EndProject
Project("{FAE04EC0-301F-11D3-BF4B-00C04F79EFBC}") = "Unity.RenderPipelines.Universal.2D.Runtime", "Unity.RenderPipelines.Universal.2D.Runtime.csproj", "{6829A318-5C8C-7CFC-E83C-6CB36CBF6609}"
EndProject
Project("{FAE04EC0-301F-11D3-BF4B-00C04F79EFBC}") = "Unity.RenderPipelines.Universal.Editor", "Unity.RenderPipelines.Universal.Editor.csproj", "{7AD6651B-11DC-ABCC-79DF-45E21823DE64}"
EndProject
Project("{FAE04EC0-301F-11D3-BF4B-00C04F79EFBC}") = "PPv2URPConverters", "PPv2URPConverters.csproj", "{9FC34197-2E80-B200-7E57-CC0F84D78551}"
EndProject
Project("{FAE04EC0-301F-11D3-BF4B-00C04F79EFBC}") = "Unity.RenderPipelines.Universal.Runtime", "Unity.RenderPipelines.Universal.Runtime.csproj", "{6648B77C-A758-4C6D-210F-696B6BA9386C}"
EndProject
Project("{FAE04EC0-301F-11D3-BF4B-00C04F79EFBC}") = "Unity.TextMeshPro", "Unity.TextMeshPro.csproj", "{E3D3EF92-6027-2434-44D8-CE1F2FECCF8E}"
EndProject
Project("{FAE04EC0-301F-11D3-BF4B-00C04F79EFBC}") = "Unity.TextMeshPro.Editor", "Unity.TextMeshPro.Editor.csproj", "{A71F2F2F-4B86-78B6-3000-C243F9CDFEF9}"
EndProject
Project("{FAE04EC0-301F-11D3-BF4B-00C04F79EFBC}") = "Unity.Rendering.LightTransport.Runtime", "Unity.Rendering.LightTransport.Runtime.csproj", "{110AD282-B336-2126-9EE8-2EA3469E9044}"
EndProject
Project("{FAE04EC0-301F-11D3-BF4B-00C04F79EFBC}") = "Assembly-CSharp", "Assembly-CSharp.csproj", "{7313A12B-7C08-A899-6406-2016065185AF}"
EndProject
Project("{FAE04EC0-301F-11D3-BF4B-00C04F79EFBC}") = "UnityEditor.UI", "UnityEditor.UI.csproj", "{D0E87946-CC9C-ED5C-59DD-27E37D64A709}"
EndProject
Project("{FAE04EC0-301F-11D3-BF4B-00C04F79EFBC}") = "Unity.Multiplayer.Center.Common", "Unity.Multiplayer.Center.Common.csproj", "{4F92752E-CF6A-37AB-5862-3C858D14EB00}"
EndProject
Project("{FAE04EC0-301F-11D3-BF4B-00C04F79EFBC}") = "Assembly-CSharp-Editor", "Assembly-CSharp-Editor.csproj", "{382CB2C1-8EA4-112F-81DD-BA688CDB9C6E}"
EndProject
Project("{FAE04EC0-301F-11D3-BF4B-00C04F79EFBC}") = "Unity.ShaderGraph.Utilities", "Unity.ShaderGraph.Utilities.csproj", "{FD112D69-2C09-AB59-80EA-42E0F956DC6A}"
EndProject
Project("{FAE04EC0-301F-11D3-BF4B-00C04F79EFBC}") = "Unity.RenderPipeline.Universal.ShaderLibrary", "Unity.RenderPipeline.Universal.ShaderLibrary.csproj", "{43FF78F9-2EDF-9860-5841-B0DF04F644C6}"
EndProject
Project("{FAE04EC0-301F-11D3-BF4B-00C04F79EFBC}") = "Unity.Rendering.LightTransport.Editor", "Unity.Rendering.LightTransport.Editor.csproj", "{7B9D4321-CF0D-EA6B-AA84-D48A8C7B80D1}"
EndProject
Project("{FAE04EC0-301F-11D3-BF4B-00C04F79EFBC}") = "Unity.RenderPipelines.Universal.Shaders", "Unity.RenderPipelines.Universal.Shaders.csproj", "{8DE67EE4-9FC3-6058-B56C-80813C424C19}"
EndProject
Project("{FAE04EC0-301F-11D3-BF4B-00C04F79EFBC}") = "Unity.RenderPipelines.Core.Runtime.Shared", "Unity.RenderPipelines.Core.Runtime.Shared.csproj", "{B32E43F8-25E5-9113-8199-5963883C136B}"
EndProject
Project("{FAE04EC0-301F-11D3-BF4B-00C04F79EFBC}") = "Unity.RenderPipelines.Universal.Config.Runtime", "Unity.RenderPipelines.Universal.Config.Runtime.csproj", "{9B276C5E-7E85-E1F6-A7B7-5DCCDB7E4076}"
EndProject
Project("{FAE04EC0-301F-11D3-BF4B-00C04F79EFBC}") = "Unity.RenderPipelines.ShaderGraph.ShaderGraphLibrary", "Unity.RenderPipelines.ShaderGraph.ShaderGraphLibrary.csproj", "{5F1B306C-205A-E4C8-B53F-D961A8FFA7E2}"
EndProject
Project("{FAE04EC0-301F-11D3-BF4B-00C04F79EFBC}") = "Unity.RenderPipelines.Core.ShaderLibrary", "Unity.RenderPipelines.Core.ShaderLibrary.csproj", "{CA12976A-4D8E-6EE2-228A-E6CB978FAF5C}"
EndProject
Project("{FAE04EC0-301F-11D3-BF4B-00C04F79EFBC}") = "Unity.RenderPipelines.Core.Editor.Shared", "Unity.RenderPipelines.Core.Editor.Shared.csproj", "{8DB2FFD6-75A5-9B4E-605D-1214E4CADA44}"
EndProject
Project("{FAE04EC0-301F-11D3-BF4B-00C04F79EFBC}") = "Unity.RenderPipelines.GPUDriven.Runtime", "Unity.RenderPipelines.GPUDriven.Runtime.Player.csproj", "{52645113-4444-FC65-D6F0-F6D73828C6B4}"
EndProject
Project("{FAE04EC0-301F-11D3-BF4B-00C04F79EFBC}") = "Unity.RenderPipelines.Core.Runtime", "Unity.RenderPipelines.Core.Runtime.Player.csproj", "{596D90BD-E560-E401-D004-084CCDA06D62}"
EndProject
Project("{FAE04EC0-301F-11D3-BF4B-00C04F79EFBC}") = "UnityEngine.UI", "UnityEngine.UI.Player.csproj", "{88343526-EF94-1333-8901-783B34503DED}"
EndProject
Project("{FAE04EC0-301F-11D3-BF4B-00C04F79EFBC}") = "Unity.RenderPipelines.Universal.2D.Runtime", "Unity.RenderPipelines.Universal.2D.Runtime.Player.csproj", "{2DB14760-8ACB-17FF-BC58-C6D722B13810}"
EndProject
Project("{FAE04EC0-301F-11D3-BF4B-00C04F79EFBC}") = "Unity.RenderPipelines.Universal.Runtime", "Unity.RenderPipelines.Universal.Runtime.Player.csproj", "{31CD91B3-8964-76C1-DE58-78AD11931391}"
EndProject
Project("{FAE04EC0-301F-11D3-BF4B-00C04F79EFBC}") = "Unity.TextMeshPro", "Unity.TextMeshPro.Player.csproj", "{BA10CD31-5192-F3B9-1703-8E092D36CA17}"
EndProject
Project("{FAE04EC0-301F-11D3-BF4B-00C04F79EFBC}") = "Unity.Rendering.LightTransport.Runtime", "Unity.Rendering.LightTransport.Runtime.Player.csproj", "{B03B4505-A9D9-D685-16DD-36B4D88EAF08}"
EndProject
Project("{FAE04EC0-301F-11D3-BF4B-00C04F79EFBC}") = "Assembly-CSharp", "Assembly-CSharp.Player.csproj", "{EC900525-7D54-6EAD-67FA-485D58D3927D}"
EndProject
Project("{FAE04EC0-301F-11D3-BF4B-00C04F79EFBC}") = "Unity.Multiplayer.Center.Common", "Unity.Multiplayer.Center.Common.Player.csproj", "{1A237D46-22B6-08E2-4EFB-BB0FB0382CFB}"
EndProject
Project("{FAE04EC0-301F-11D3-BF4B-00C04F79EFBC}") = "Unity.RenderPipeline.Universal.ShaderLibrary", "Unity.RenderPipeline.Universal.ShaderLibrary.Player.csproj", "{5586850C-FDF0-9597-69C0-2382F516710D}"
EndProject
Project("{FAE04EC0-301F-11D3-BF4B-00C04F79EFBC}") = "Unity.RenderPipelines.Universal.Shaders", "Unity.RenderPipelines.Universal.Shaders.Player.csproj", "{5A4ECAB1-9F79-0DC6-0868-7CCC0BA51A50}"
EndProject
Project("{FAE04EC0-301F-11D3-BF4B-00C04F79EFBC}") = "Unity.RenderPipelines.Core.Runtime.Shared", "Unity.RenderPipelines.Core.Runtime.Shared.Player.csproj", "{509E77AE-DDBA-2765-70E5-6DB20895FFAE}"
EndProject
Project("{FAE04EC0-301F-11D3-BF4B-00C04F79EFBC}") = "Unity.RenderPipelines.Universal.Config.Runtime", "Unity.RenderPipelines.Universal.Config.Runtime.Player.csproj", "{B355791C-2FE7-E6D1-E735-22EDD33948F2}"
EndProject
Project("{FAE04EC0-301F-11D3-BF4B-00C04F79EFBC}") = "Unity.RenderPipelines.ShaderGraph.ShaderGraphLibrary", "Unity.RenderPipelines.ShaderGraph.ShaderGraphLibrary.Player.csproj", "{CCC19A8D-32E0-3AC4-285D-91012F632755}"
EndProject
Project("{FAE04EC0-301F-11D3-BF4B-00C04F79EFBC}") = "Unity.RenderPipelines.Core.ShaderLibrary", "Unity.RenderPipelines.Core.ShaderLibrary.Player.csproj", "{4B358CDF-109E-E48C-104A-90E9FC65A315}"
EndProject
Global
	GlobalSection(SolutionConfigurationPlatforms) = preSolution
		Debug|Any CPU = Debug|Any CPU
		Release|Any CPU = Release|Any CPU
	EndGlobalSection
	GlobalSection(ProjectConfigurationPlatforms) = postSolution
		{67701C81-FCB8-A72B-5989-D3566CFD09BF}.Debug|Any CPU.ActiveCfg = Debug|Any CPU
		{67701C81-FCB8-A72B-5989-D3566CFD09BF}.Debug|Any CPU.Build.0 = Debug|Any CPU
		{67701C81-FCB8-A72B-5989-D3566CFD09BF}.Release|Any CPU.ActiveCfg = Release|Any CPU
		{67701C81-FCB8-A72B-5989-D3566CFD09BF}.Release|Any CPU.Build.0 = Release|Any CPU
		{CC72FCD8-B0BE-1B16-3601-CE5F9FAEC7D5}.Debug|Any CPU.ActiveCfg = Debug|Any CPU
		{CC72FCD8-B0BE-1B16-3601-CE5F9FAEC7D5}.Debug|Any CPU.Build.0 = Debug|Any CPU
		{CC72FCD8-B0BE-1B16-3601-CE5F9FAEC7D5}.Release|Any CPU.ActiveCfg = Release|Any CPU
		{CC72FCD8-B0BE-1B16-3601-CE5F9FAEC7D5}.Release|Any CPU.Build.0 = Release|Any CPU
		{B6D254A6-0E3D-5E1D-DB54-A1B53DADD0F0}.Debug|Any CPU.ActiveCfg = Debug|Any CPU
		{B6D254A6-0E3D-5E1D-DB54-A1B53DADD0F0}.Debug|Any CPU.Build.0 = Debug|Any CPU
		{B6D254A6-0E3D-5E1D-DB54-A1B53DADD0F0}.Release|Any CPU.ActiveCfg = Release|Any CPU
		{B6D254A6-0E3D-5E1D-DB54-A1B53DADD0F0}.Release|Any CPU.Build.0 = Release|Any CPU
		{3DC1DA5A-7A1E-7758-8AB0-16C04DC7EF6C}.Debug|Any CPU.ActiveCfg = Debug|Any CPU
		{3DC1DA5A-7A1E-7758-8AB0-16C04DC7EF6C}.Debug|Any CPU.Build.0 = Debug|Any CPU
		{3DC1DA5A-7A1E-7758-8AB0-16C04DC7EF6C}.Release|Any CPU.ActiveCfg = Release|Any CPU
		{3DC1DA5A-7A1E-7758-8AB0-16C04DC7EF6C}.Release|Any CPU.Build.0 = Release|Any CPU
		{811F54A8-88EA-D83A-6A92-5496D3485D2C}.Debug|Any CPU.ActiveCfg = Debug|Any CPU
		{811F54A8-88EA-D83A-6A92-5496D3485D2C}.Debug|Any CPU.Build.0 = Debug|Any CPU
		{811F54A8-88EA-D83A-6A92-5496D3485D2C}.Release|Any CPU.ActiveCfg = Release|Any CPU
		{811F54A8-88EA-D83A-6A92-5496D3485D2C}.Release|Any CPU.Build.0 = Release|Any CPU
		{B56D7A93-3A3F-9B9F-65B6-8187CE67EB46}.Debug|Any CPU.ActiveCfg = Debug|Any CPU
		{B56D7A93-3A3F-9B9F-65B6-8187CE67EB46}.Debug|Any CPU.Build.0 = Debug|Any CPU
		{B56D7A93-3A3F-9B9F-65B6-8187CE67EB46}.Release|Any CPU.ActiveCfg = Release|Any CPU
		{B56D7A93-3A3F-9B9F-65B6-8187CE67EB46}.Release|Any CPU.Build.0 = Release|Any CPU
		{6829A318-5C8C-7CFC-E83C-6CB36CBF6609}.Debug|Any CPU.ActiveCfg = Debug|Any CPU
		{6829A318-5C8C-7CFC-E83C-6CB36CBF6609}.Debug|Any CPU.Build.0 = Debug|Any CPU
		{6829A318-5C8C-7CFC-E83C-6CB36CBF6609}.Release|Any CPU.ActiveCfg = Release|Any CPU
		{6829A318-5C8C-7CFC-E83C-6CB36CBF6609}.Release|Any CPU.Build.0 = Release|Any CPU
		{7AD6651B-11DC-ABCC-79DF-45E21823DE64}.Debug|Any CPU.ActiveCfg = Debug|Any CPU
		{7AD6651B-11DC-ABCC-79DF-45E21823DE64}.Debug|Any CPU.Build.0 = Debug|Any CPU
		{7AD6651B-11DC-ABCC-79DF-45E21823DE64}.Release|Any CPU.ActiveCfg = Release|Any CPU
		{7AD6651B-11DC-ABCC-79DF-45E21823DE64}.Release|Any CPU.Build.0 = Release|Any CPU
		{9FC34197-2E80-B200-7E57-CC0F84D78551}.Debug|Any CPU.ActiveCfg = Debug|Any CPU
		{9FC34197-2E80-B200-7E57-CC0F84D78551}.Debug|Any CPU.Build.0 = Debug|Any CPU
		{9FC34197-2E80-B200-7E57-CC0F84D78551}.Release|Any CPU.ActiveCfg = Release|Any CPU
		{9FC34197-2E80-B200-7E57-CC0F84D78551}.Release|Any CPU.Build.0 = Release|Any CPU
		{6648B77C-A758-4C6D-210F-696B6BA9386C}.Debug|Any CPU.ActiveCfg = Debug|Any CPU
		{6648B77C-A758-4C6D-210F-696B6BA9386C}.Debug|Any CPU.Build.0 = Debug|Any CPU
		{6648B77C-A758-4C6D-210F-696B6BA9386C}.Release|Any CPU.ActiveCfg = Release|Any CPU
		{6648B77C-A758-4C6D-210F-696B6BA9386C}.Release|Any CPU.Build.0 = Release|Any CPU
		{E3D3EF92-6027-2434-44D8-CE1F2FECCF8E}.Debug|Any CPU.ActiveCfg = Debug|Any CPU
		{E3D3EF92-6027-2434-44D8-CE1F2FECCF8E}.Debug|Any CPU.Build.0 = Debug|Any CPU
		{E3D3EF92-6027-2434-44D8-CE1F2FECCF8E}.Release|Any CPU.ActiveCfg = Release|Any CPU
		{E3D3EF92-6027-2434-44D8-CE1F2FECCF8E}.Release|Any CPU.Build.0 = Release|Any CPU
		{A71F2F2F-4B86-78B6-3000-C243F9CDFEF9}.Debug|Any CPU.ActiveCfg = Debug|Any CPU
		{A71F2F2F-4B86-78B6-3000-C243F9CDFEF9}.Debug|Any CPU.Build.0 = Debug|Any CPU
		{A71F2F2F-4B86-78B6-3000-C243F9CDFEF9}.Release|Any CPU.ActiveCfg = Release|Any CPU
		{A71F2F2F-4B86-78B6-3000-C243F9CDFEF9}.Release|Any CPU.Build.0 = Release|Any CPU
		{110AD282-B336-2126-9EE8-2EA3469E9044}.Debug|Any CPU.ActiveCfg = Debug|Any CPU
		{110AD282-B336-2126-9EE8-2EA3469E9044}.Debug|Any CPU.Build.0 = Debug|Any CPU
		{110AD282-B336-2126-9EE8-2EA3469E9044}.Release|Any CPU.ActiveCfg = Release|Any CPU
		{110AD282-B336-2126-9EE8-2EA3469E9044}.Release|Any CPU.Build.0 = Release|Any CPU
		{7313A12B-7C08-A899-6406-2016065185AF}.Debug|Any CPU.ActiveCfg = Debug|Any CPU
		{7313A12B-7C08-A899-6406-2016065185AF}.Debug|Any CPU.Build.0 = Debug|Any CPU
		{7313A12B-7C08-A899-6406-2016065185AF}.Release|Any CPU.ActiveCfg = Release|Any CPU
		{7313A12B-7C08-A899-6406-2016065185AF}.Release|Any CPU.Build.0 = Release|Any CPU
		{D0E87946-CC9C-ED5C-59DD-27E37D64A709}.Debug|Any CPU.ActiveCfg = Debug|Any CPU
		{D0E87946-CC9C-ED5C-59DD-27E37D64A709}.Debug|Any CPU.Build.0 = Debug|Any CPU
		{D0E87946-CC9C-ED5C-59DD-27E37D64A709}.Release|Any CPU.ActiveCfg = Release|Any CPU
		{D0E87946-CC9C-ED5C-59DD-27E37D64A709}.Release|Any CPU.Build.0 = Release|Any CPU
		{4F92752E-CF6A-37AB-5862-3C858D14EB00}.Debug|Any CPU.ActiveCfg = Debug|Any CPU
		{4F92752E-CF6A-37AB-5862-3C858D14EB00}.Debug|Any CPU.Build.0 = Debug|Any CPU
		{4F92752E-CF6A-37AB-5862-3C858D14EB00}.Release|Any CPU.ActiveCfg = Release|Any CPU
		{4F92752E-CF6A-37AB-5862-3C858D14EB00}.Release|Any CPU.Build.0 = Release|Any CPU
		{382CB2C1-8EA4-112F-81DD-BA688CDB9C6E}.Debug|Any CPU.ActiveCfg = Debug|Any CPU
		{382CB2C1-8EA4-112F-81DD-BA688CDB9C6E}.Debug|Any CPU.Build.0 = Debug|Any CPU
		{382CB2C1-8EA4-112F-81DD-BA688CDB9C6E}.Release|Any CPU.ActiveCfg = Release|Any CPU
		{382CB2C1-8EA4-112F-81DD-BA688CDB9C6E}.Release|Any CPU.Build.0 = Release|Any CPU
		{FD112D69-2C09-AB59-80EA-42E0F956DC6A}.Debug|Any CPU.ActiveCfg = Debug|Any CPU
		{FD112D69-2C09-AB59-80EA-42E0F956DC6A}.Debug|Any CPU.Build.0 = Debug|Any CPU
		{FD112D69-2C09-AB59-80EA-42E0F956DC6A}.Release|Any CPU.ActiveCfg = Release|Any CPU
		{FD112D69-2C09-AB59-80EA-42E0F956DC6A}.Release|Any CPU.Build.0 = Release|Any CPU
		{43FF78F9-2EDF-9860-5841-B0DF04F644C6}.Debug|Any CPU.ActiveCfg = Debug|Any CPU
		{43FF78F9-2EDF-9860-5841-B0DF04F644C6}.Debug|Any CPU.Build.0 = Debug|Any CPU
		{43FF78F9-2EDF-9860-5841-B0DF04F644C6}.Release|Any CPU.ActiveCfg = Release|Any CPU
		{43FF78F9-2EDF-9860-5841-B0DF04F644C6}.Release|Any CPU.Build.0 = Release|Any CPU
		{7B9D4321-CF0D-EA6B-AA84-D48A8C7B80D1}.Debug|Any CPU.ActiveCfg = Debug|Any CPU
		{7B9D4321-CF0D-EA6B-AA84-D48A8C7B80D1}.Debug|Any CPU.Build.0 = Debug|Any CPU
		{7B9D4321-CF0D-EA6B-AA84-D48A8C7B80D1}.Release|Any CPU.ActiveCfg = Release|Any CPU
		{7B9D4321-CF0D-EA6B-AA84-D48A8C7B80D1}.Release|Any CPU.Build.0 = Release|Any CPU
		{8DE67EE4-9FC3-6058-B56C-80813C424C19}.Debug|Any CPU.ActiveCfg = Debug|Any CPU
		{8DE67EE4-9FC3-6058-B56C-80813C424C19}.Debug|Any CPU.Build.0 = Debug|Any CPU
		{8DE67EE4-9FC3-6058-B56C-80813C424C19}.Release|Any CPU.ActiveCfg = Release|Any CPU
		{8DE67EE4-9FC3-6058-B56C-80813C424C19}.Release|Any CPU.Build.0 = Release|Any CPU
		{B32E43F8-25E5-9113-8199-5963883C136B}.Debug|Any CPU.ActiveCfg = Debug|Any CPU
		{B32E43F8-25E5-9113-8199-5963883C136B}.Debug|Any CPU.Build.0 = Debug|Any CPU
		{B32E43F8-25E5-9113-8199-5963883C136B}.Release|Any CPU.ActiveCfg = Release|Any CPU
		{B32E43F8-25E5-9113-8199-5963883C136B}.Release|Any CPU.Build.0 = Release|Any CPU
		{9B276C5E-7E85-E1F6-A7B7-5DCCDB7E4076}.Debug|Any CPU.ActiveCfg = Debug|Any CPU
		{9B276C5E-7E85-E1F6-A7B7-5DCCDB7E4076}.Debug|Any CPU.Build.0 = Debug|Any CPU
		{9B276C5E-7E85-E1F6-A7B7-5DCCDB7E4076}.Release|Any CPU.ActiveCfg = Release|Any CPU
		{9B276C5E-7E85-E1F6-A7B7-5DCCDB7E4076}.Release|Any CPU.Build.0 = Release|Any CPU
		{5F1B306C-205A-E4C8-B53F-D961A8FFA7E2}.Debug|Any CPU.ActiveCfg = Debug|Any CPU
		{5F1B306C-205A-E4C8-B53F-D961A8FFA7E2}.Debug|Any CPU.Build.0 = Debug|Any CPU
		{5F1B306C-205A-E4C8-B53F-D961A8FFA7E2}.Release|Any CPU.ActiveCfg = Release|Any CPU
		{5F1B306C-205A-E4C8-B53F-D961A8FFA7E2}.Release|Any CPU.Build.0 = Release|Any CPU
		{CA12976A-4D8E-6EE2-228A-E6CB978FAF5C}.Debug|Any CPU.ActiveCfg = Debug|Any CPU
		{CA12976A-4D8E-6EE2-228A-E6CB978FAF5C}.Debug|Any CPU.Build.0 = Debug|Any CPU
		{CA12976A-4D8E-6EE2-228A-E6CB978FAF5C}.Release|Any CPU.ActiveCfg = Release|Any CPU
		{CA12976A-4D8E-6EE2-228A-E6CB978FAF5C}.Release|Any CPU.Build.0 = Release|Any CPU
		{8DB2FFD6-75A5-9B4E-605D-1214E4CADA44}.Debug|Any CPU.ActiveCfg = Debug|Any CPU
		{8DB2FFD6-75A5-9B4E-605D-1214E4CADA44}.Debug|Any CPU.Build.0 = Debug|Any CPU
		{8DB2FFD6-75A5-9B4E-605D-1214E4CADA44}.Release|Any CPU.ActiveCfg = Release|Any CPU
		{8DB2FFD6-75A5-9B4E-605D-1214E4CADA44}.Release|Any CPU.Build.0 = Release|Any CPU
		{52645113-4444-FC65-D6F0-F6D73828C6B4}.Debug|Any CPU.ActiveCfg = Debug|Any CPU
		{52645113-4444-FC65-D6F0-F6D73828C6B4}.Debug|Any CPU.Build.0 = Debug|Any CPU
		{52645113-4444-FC65-D6F0-F6D73828C6B4}.Release|Any CPU.ActiveCfg = Release|Any CPU
		{52645113-4444-FC65-D6F0-F6D73828C6B4}.Release|Any CPU.Build.0 = Release|Any CPU
		{596D90BD-E560-E401-D004-084CCDA06D62}.Debug|Any CPU.ActiveCfg = Debug|Any CPU
		{596D90BD-E560-E401-D004-084CCDA06D62}.Debug|Any CPU.Build.0 = Debug|Any CPU
		{596D90BD-E560-E401-D004-084CCDA06D62}.Release|Any CPU.ActiveCfg = Release|Any CPU
		{596D90BD-E560-E401-D004-084CCDA06D62}.Release|Any CPU.Build.0 = Release|Any CPU
		{88343526-EF94-1333-8901-783B34503DED}.Debug|Any CPU.ActiveCfg = Debug|Any CPU
		{88343526-EF94-1333-8901-783B34503DED}.Debug|Any CPU.Build.0 = Debug|Any CPU
		{88343526-EF94-1333-8901-783B34503DED}.Release|Any CPU.ActiveCfg = Release|Any CPU
		{88343526-EF94-1333-8901-783B34503DED}.Release|Any CPU.Build.0 = Release|Any CPU
		{2DB14760-8ACB-17FF-BC58-C6D722B13810}.Debug|Any CPU.ActiveCfg = Debug|Any CPU
		{2DB14760-8ACB-17FF-BC58-C6D722B13810}.Debug|Any CPU.Build.0 = Debug|Any CPU
		{2DB14760-8ACB-17FF-BC58-C6D722B13810}.Release|Any CPU.ActiveCfg = Release|Any CPU
		{2DB14760-8ACB-17FF-BC58-C6D722B13810}.Release|Any CPU.Build.0 = Release|Any CPU
		{31CD91B3-8964-76C1-DE58-78AD11931391}.Debug|Any CPU.ActiveCfg = Debug|Any CPU
		{31CD91B3-8964-76C1-DE58-78AD11931391}.Debug|Any CPU.Build.0 = Debug|Any CPU
		{31CD91B3-8964-76C1-DE58-78AD11931391}.Release|Any CPU.ActiveCfg = Release|Any CPU
		{31CD91B3-8964-76C1-DE58-78AD11931391}.Release|Any CPU.Build.0 = Release|Any CPU
		{BA10CD31-5192-F3B9-1703-8E092D36CA17}.Debug|Any CPU.ActiveCfg = Debug|Any CPU
		{BA10CD31-5192-F3B9-1703-8E092D36CA17}.Debug|Any CPU.Build.0 = Debug|Any CPU
		{BA10CD31-5192-F3B9-1703-8E092D36CA17}.Release|Any CPU.ActiveCfg = Release|Any CPU
		{BA10CD31-5192-F3B9-1703-8E092D36CA17}.Release|Any CPU.Build.0 = Release|Any CPU
		{B03B4505-A9D9-D685-16DD-36B4D88EAF08}.Debug|Any CPU.ActiveCfg = Debug|Any CPU
		{B03B4505-A9D9-D685-16DD-36B4D88EAF08}.Debug|Any CPU.Build.0 = Debug|Any CPU
		{B03B4505-A9D9-D685-16DD-36B4D88EAF08}.Release|Any CPU.ActiveCfg = Release|Any CPU
		{B03B4505-A9D9-D685-16DD-36B4D88EAF08}.Release|Any CPU.Build.0 = Release|Any CPU
		{EC900525-7D54-6EAD-67FA-485D58D3927D}.Debug|Any CPU.ActiveCfg = Debug|Any CPU
		{EC900525-7D54-6EAD-67FA-485D58D3927D}.Debug|Any CPU.Build.0 = Debug|Any CPU
		{EC900525-7D54-6EAD-67FA-485D58D3927D}.Release|Any CPU.ActiveCfg = Release|Any CPU
		{EC900525-7D54-6EAD-67FA-485D58D3927D}.Release|Any CPU.Build.0 = Release|Any CPU
		{1A237D46-22B6-08E2-4EFB-BB0FB0382CFB}.Debug|Any CPU.ActiveCfg = Debug|Any CPU
		{1A237D46-22B6-08E2-4EFB-BB0FB0382CFB}.Debug|Any CPU.Build.0 = Debug|Any CPU
		{1A237D46-22B6-08E2-4EFB-BB0FB0382CFB}.Release|Any CPU.ActiveCfg = Release|Any CPU
		{1A237D46-22B6-08E2-4EFB-BB0FB0382CFB}.Release|Any CPU.Build.0 = Release|Any CPU
		{5586850C-FDF0-9597-69C0-2382F516710D}.Debug|Any CPU.ActiveCfg = Debug|Any CPU
		{5586850C-FDF0-9597-69C0-2382F516710D}.Debug|Any CPU.Build.0 = Debug|Any CPU
		{5586850C-FDF0-9597-69C0-2382F516710D}.Release|Any CPU.ActiveCfg = Release|Any CPU
		{5586850C-FDF0-9597-69C0-2382F516710D}.Release|Any CPU.Build.0 = Release|Any CPU
		{5A4ECAB1-9F79-0DC6-0868-7CCC0BA51A50}.Debug|Any CPU.ActiveCfg = Debug|Any CPU
		{5A4ECAB1-9F79-0DC6-0868-7CCC0BA51A50}.Debug|Any CPU.Build.0 = Debug|Any CPU
		{5A4ECAB1-9F79-0DC6-0868-7CCC0BA51A50}.Release|Any CPU.ActiveCfg = Release|Any CPU
		{5A4ECAB1-9F79-0DC6-0868-7CCC0BA51A50}.Release|Any CPU.Build.0 = Release|Any CPU
		{509E77AE-DDBA-2765-70E5-6DB20895FFAE}.Debug|Any CPU.ActiveCfg = Debug|Any CPU
		{509E77AE-DDBA-2765-70E5-6DB20895FFAE}.Debug|Any CPU.Build.0 = Debug|Any CPU
		{509E77AE-DDBA-2765-70E5-6DB20895FFAE}.Release|Any CPU.ActiveCfg = Release|Any CPU
		{509E77AE-DDBA-2765-70E5-6DB20895FFAE}.Release|Any CPU.Build.0 = Release|Any CPU
		{B355791C-2FE7-E6D1-E735-22EDD33948F2}.Debug|Any CPU.ActiveCfg = Debug|Any CPU
		{B355791C-2FE7-E6D1-E735-22EDD33948F2}.Debug|Any CPU.Build.0 = Debug|Any CPU
		{B355791C-2FE7-E6D1-E735-22EDD33948F2}.Release|Any CPU.ActiveCfg = Release|Any CPU
		{B355791C-2FE7-E6D1-E735-22EDD33948F2}.Release|Any CPU.Build.0 = Release|Any CPU
		{CCC19A8D-32E0-3AC4-285D-91012F632755}.Debug|Any CPU.ActiveCfg = Debug|Any CPU
		{CCC19A8D-32E0-3AC4-285D-91012F632755}.Debug|Any CPU.Build.0 = Debug|Any CPU
		{CCC19A8D-32E0-3AC4-285D-91012F632755}.Release|Any CPU.ActiveCfg = Release|Any CPU
		{CCC19A8D-32E0-3AC4-285D-91012F632755}.Release|Any CPU.Build.0 = Release|Any CPU
		{4B358CDF-109E-E48C-104A-90E9FC65A315}.Debug|Any CPU.ActiveCfg = Debug|Any CPU
		{4B358CDF-109E-E48C-104A-90E9FC65A315}.Debug|Any CPU.Build.0 = Debug|Any CPU
		{4B358CDF-109E-E48C-104A-90E9FC65A315}.Release|Any CPU.ActiveCfg = Release|Any CPU
		{4B358CDF-109E-E48C-104A-90E9FC65A315}.Release|Any CPU.Build.0 = Release|Any CPU
	EndGlobalSection
	GlobalSection(SolutionProperties) = preSolution
		HideSolutionNode = FALSE
	EndGlobalSection
EndGlobal
